// !$*UTF8*$!
{
	archiveVersion = 1;
	classes = {
	};
	objectVersion = 56;
	objects = {

/* Begin PBXBuildFile section */
		40175C4E292C79AA008A8A3F /* PersonsListView.swift in Sources */ = {isa = PBXBuildFile; fileRef = 40175C4D292C79AA008A8A3F /* PersonsListView.swift */; };
		40175C51292C79D8008A8A3F /* PersonDetailsView.swift in Sources */ = {isa = PBXBuildFile; fileRef = 40175C50292C79D8008A8A3F /* PersonDetailsView.swift */; };
		40175C53292C79FC008A8A3F /* PersonsListViewModel.swift in Sources */ = {isa = PBXBuildFile; fileRef = 40175C52292C79FC008A8A3F /* PersonsListViewModel.swift */; };
		40175C5C292C968F008A8A3F /* Constant.swift in Sources */ = {isa = PBXBuildFile; fileRef = 40175C5B292C968F008A8A3F /* Constant.swift */; };
		40175C5E292CA51F008A8A3F /* AddFriendView.swift in Sources */ = {isa = PBXBuildFile; fileRef = 40175C5D292CA51F008A8A3F /* AddFriendView.swift */; };
		40952116292C650300FFB785 /* TomodachiApp.swift in Sources */ = {isa = PBXBuildFile; fileRef = 40952115292C650300FFB785 /* TomodachiApp.swift */; };
		40952118292C650300FFB785 /* ContentView.swift in Sources */ = {isa = PBXBuildFile; fileRef = 40952117292C650300FFB785 /* ContentView.swift */; };
		4095211A292C650400FFB785 /* Assets.xcassets in Resources */ = {isa = PBXBuildFile; fileRef = 40952119292C650400FFB785 /* Assets.xcassets */; };
		4095211F292C650400FFB785 /* Persistence.swift in Sources */ = {isa = PBXBuildFile; fileRef = 4095211E292C650400FFB785 /* Persistence.swift */; };
		40952122292C650400FFB785 /* Tomodachi.xcdatamodeld in Sources */ = {isa = PBXBuildFile; fileRef = 40952120292C650400FFB785 /* Tomodachi.xcdatamodeld */; };
		4095212C292C650500FFB785 /* TomodachiTests.swift in Sources */ = {isa = PBXBuildFile; fileRef = 4095212B292C650500FFB785 /* TomodachiTests.swift */; };
		40952136292C650500FFB785 /* TomodachiUITests.swift in Sources */ = {isa = PBXBuildFile; fileRef = 40952135292C650500FFB785 /* TomodachiUITests.swift */; };
		40952138292C650500FFB785 /* TomodachiUITestsLaunchTests.swift in Sources */ = {isa = PBXBuildFile; fileRef = 40952137292C650500FFB785 /* TomodachiUITestsLaunchTests.swift */; };
		40D447A5292DD85500A5D256 /* PersonDetailsViewModel.swift in Sources */ = {isa = PBXBuildFile; fileRef = 40D447A4292DD85500A5D256 /* PersonDetailsViewModel.swift */; };
		40D447AA292DDABA00A5D256 /* Person.swift in Sources */ = {isa = PBXBuildFile; fileRef = 40D447A8292DDABA00A5D256 /* Person.swift */; };
		40D447AB292DDABA00A5D256 /* Location.swift in Sources */ = {isa = PBXBuildFile; fileRef = 40D447A9292DDABA00A5D256 /* Location.swift */; };
		E0D0FA207A2896DE7CA8083E /* Pods_Tomodachi.framework in Frameworks */ = {isa = PBXBuildFile; fileRef = 5A1741127DA15D408A37149A /* Pods_Tomodachi.framework */; };
/* End PBXBuildFile section */

/* Begin PBXContainerItemProxy section */
		40952128292C650400FFB785 /* PBXContainerItemProxy */ = {
			isa = PBXContainerItemProxy;
			containerPortal = 4095210A292C650200FFB785 /* Project object */;
			proxyType = 1;
			remoteGlobalIDString = 40952111292C650300FFB785;
			remoteInfo = Tomodachi;
		};
		40952132292C650500FFB785 /* PBXContainerItemProxy */ = {
			isa = PBXContainerItemProxy;
			containerPortal = 4095210A292C650200FFB785 /* Project object */;
			proxyType = 1;
			remoteGlobalIDString = 40952111292C650300FFB785;
			remoteInfo = Tomodachi;
		};
/* End PBXContainerItemProxy section */

/* Begin PBXFileReference section */
		40175C4D292C79AA008A8A3F /* PersonsListView.swift */ = {isa = PBXFileReference; lastKnownFileType = sourcecode.swift; path = PersonsListView.swift; sourceTree = "<group>"; };
		40175C50292C79D8008A8A3F /* PersonDetailsView.swift */ = {isa = PBXFileReference; lastKnownFileType = sourcecode.swift; path = PersonDetailsView.swift; sourceTree = "<group>"; };
		40175C52292C79FC008A8A3F /* PersonsListViewModel.swift */ = {isa = PBXFileReference; lastKnownFileType = sourcecode.swift; path = PersonsListViewModel.swift; sourceTree = "<group>"; };
		40175C5B292C968F008A8A3F /* Constant.swift */ = {isa = PBXFileReference; lastKnownFileType = sourcecode.swift; path = Constant.swift; sourceTree = "<group>"; };
		40175C5D292CA51F008A8A3F /* AddFriendView.swift */ = {isa = PBXFileReference; lastKnownFileType = sourcecode.swift; path = AddFriendView.swift; sourceTree = "<group>"; };
		40952112292C650300FFB785 /* Tomodachi.app */ = {isa = PBXFileReference; explicitFileType = wrapper.application; includeInIndex = 0; path = Tomodachi.app; sourceTree = BUILT_PRODUCTS_DIR; };
		40952115292C650300FFB785 /* TomodachiApp.swift */ = {isa = PBXFileReference; lastKnownFileType = sourcecode.swift; path = TomodachiApp.swift; sourceTree = "<group>"; };
		40952117292C650300FFB785 /* ContentView.swift */ = {isa = PBXFileReference; lastKnownFileType = sourcecode.swift; path = ContentView.swift; sourceTree = "<group>"; };
		40952119292C650400FFB785 /* Assets.xcassets */ = {isa = PBXFileReference; lastKnownFileType = folder.assetcatalog; path = Assets.xcassets; sourceTree = "<group>"; };
		4095211C292C650400FFB785 /* Preview Assets.xcassets */ = {isa = PBXFileReference; lastKnownFileType = folder.assetcatalog; path = "Preview Assets.xcassets"; sourceTree = "<group>"; };
		4095211E292C650400FFB785 /* Persistence.swift */ = {isa = PBXFileReference; lastKnownFileType = sourcecode.swift; path = Persistence.swift; sourceTree = "<group>"; };
		40952121292C650400FFB785 /* Tomodachi.xcdatamodel */ = {isa = PBXFileReference; lastKnownFileType = wrapper.xcdatamodel; path = Tomodachi.xcdatamodel; sourceTree = "<group>"; };
		40952127292C650400FFB785 /* TomodachiTests.xctest */ = {isa = PBXFileReference; explicitFileType = wrapper.cfbundle; includeInIndex = 0; path = TomodachiTests.xctest; sourceTree = BUILT_PRODUCTS_DIR; };
		4095212B292C650500FFB785 /* TomodachiTests.swift */ = {isa = PBXFileReference; lastKnownFileType = sourcecode.swift; path = TomodachiTests.swift; sourceTree = "<group>"; };
		40952131292C650500FFB785 /* TomodachiUITests.xctest */ = {isa = PBXFileReference; explicitFileType = wrapper.cfbundle; includeInIndex = 0; path = TomodachiUITests.xctest; sourceTree = BUILT_PRODUCTS_DIR; };
		40952135292C650500FFB785 /* TomodachiUITests.swift */ = {isa = PBXFileReference; lastKnownFileType = sourcecode.swift; path = TomodachiUITests.swift; sourceTree = "<group>"; };
		40952137292C650500FFB785 /* TomodachiUITestsLaunchTests.swift */ = {isa = PBXFileReference; lastKnownFileType = sourcecode.swift; path = TomodachiUITestsLaunchTests.swift; sourceTree = "<group>"; };
		40D447A4292DD85500A5D256 /* PersonDetailsViewModel.swift */ = {isa = PBXFileReference; fileEncoding = 4; lastKnownFileType = sourcecode.swift; path = PersonDetailsViewModel.swift; sourceTree = "<group>"; };
		40D447A8292DDABA00A5D256 /* Person.swift */ = {isa = PBXFileReference; fileEncoding = 4; lastKnownFileType = sourcecode.swift; path = Person.swift; sourceTree = "<group>"; };
		40D447A9292DDABA00A5D256 /* Location.swift */ = {isa = PBXFileReference; fileEncoding = 4; lastKnownFileType = sourcecode.swift; path = Location.swift; sourceTree = "<group>"; };
		547BE3A8BC9EEEC0558E2C49 /* Pods-Tomodachi.debug.xcconfig */ = {isa = PBXFileReference; includeInIndex = 1; lastKnownFileType = text.xcconfig; name = "Pods-Tomodachi.debug.xcconfig"; path = "Target Support Files/Pods-Tomodachi/Pods-Tomodachi.debug.xcconfig"; sourceTree = "<group>"; };
		5A1741127DA15D408A37149A /* Pods_Tomodachi.framework */ = {isa = PBXFileReference; explicitFileType = wrapper.framework; includeInIndex = 0; path = Pods_Tomodachi.framework; sourceTree = BUILT_PRODUCTS_DIR; };
		6A58397CA1A49A2AC09BF3A4 /* Pods-Tomodachi.release.xcconfig */ = {isa = PBXFileReference; includeInIndex = 1; lastKnownFileType = text.xcconfig; name = "Pods-Tomodachi.release.xcconfig"; path = "Target Support Files/Pods-Tomodachi/Pods-Tomodachi.release.xcconfig"; sourceTree = "<group>"; };
/* End PBXFileReference section */

/* Begin PBXFrameworksBuildPhase section */
		4095210F292C650300FFB785 /* Frameworks */ = {
			isa = PBXFrameworksBuildPhase;
			buildActionMask = 2147483647;
			files = (
				E0D0FA207A2896DE7CA8083E /* Pods_Tomodachi.framework in Frameworks */,
			);
			runOnlyForDeploymentPostprocessing = 0;
		};
		40952124292C650400FFB785 /* Frameworks */ = {
			isa = PBXFrameworksBuildPhase;
			buildActionMask = 2147483647;
			files = (
			);
			runOnlyForDeploymentPostprocessing = 0;
		};
		4095212E292C650500FFB785 /* Frameworks */ = {
			isa = PBXFrameworksBuildPhase;
			buildActionMask = 2147483647;
			files = (
			);
			runOnlyForDeploymentPostprocessing = 0;
		};
/* End PBXFrameworksBuildPhase section */

/* Begin PBXGroup section */
		2736ED6444CF793BEE252E29 /* Pods */ = {
			isa = PBXGroup;
			children = (
				547BE3A8BC9EEEC0558E2C49 /* Pods-Tomodachi.debug.xcconfig */,
				6A58397CA1A49A2AC09BF3A4 /* Pods-Tomodachi.release.xcconfig */,
			);
			path = Pods;
			sourceTree = "<group>";
		};
		40175C4F292C79CA008A8A3F /* View */ = {
			isa = PBXGroup;
			children = (
				40175C4D292C79AA008A8A3F /* PersonsListView.swift */,
				40175C50292C79D8008A8A3F /* PersonDetailsView.swift */,
				40175C5D292CA51F008A8A3F /* AddFriendView.swift */,
			);
			path = View;
			sourceTree = "<group>";
		};
		40175C54292C7A02008A8A3F /* ViewModel */ = {
			isa = PBXGroup;
			children = (
				40D447A4292DD85500A5D256 /* PersonDetailsViewModel.swift */,
				40175C52292C79FC008A8A3F /* PersonsListViewModel.swift */,
			);
			path = ViewModel;
			sourceTree = "<group>";
		};
		40952109292C650200FFB785 = {
			isa = PBXGroup;
			children = (
				40952114292C650300FFB785 /* Tomodachi */,
				4095212A292C650400FFB785 /* TomodachiTests */,
				40952134292C650500FFB785 /* TomodachiUITests */,
				40952113292C650300FFB785 /* Products */,
				2736ED6444CF793BEE252E29 /* Pods */,
				ACC4BBB14FECFBDBC88546AC /* Frameworks */,
			);
			sourceTree = "<group>";
		};
		40952113292C650300FFB785 /* Products */ = {
			isa = PBXGroup;
			children = (
				40952112292C650300FFB785 /* Tomodachi.app */,
				40952127292C650400FFB785 /* TomodachiTests.xctest */,
				40952131292C650500FFB785 /* TomodachiUITests.xctest */,
			);
			name = Products;
			sourceTree = "<group>";
		};
		40952114292C650300FFB785 /* Tomodachi */ = {
			isa = PBXGroup;
			children = (
				40952115292C650300FFB785 /* TomodachiApp.swift */,
				40952117292C650300FFB785 /* ContentView.swift */,
				40952119292C650400FFB785 /* Assets.xcassets */,
				4095211E292C650400FFB785 /* Persistence.swift */,
				40952120292C650400FFB785 /* Tomodachi.xcdatamodeld */,
				4095211B292C650400FFB785 /* Preview Content */,
				40952146292C664300FFB785 /* Model */,
				40175C4F292C79CA008A8A3F /* View */,
				40175C54292C7A02008A8A3F /* ViewModel */,
				40175C5B292C968F008A8A3F /* Constant.swift */,
			);
			path = Tomodachi;
			sourceTree = "<group>";
		};
		4095211B292C650400FFB785 /* Preview Content */ = {
			isa = PBXGroup;
			children = (
				4095211C292C650400FFB785 /* Preview Assets.xcassets */,
			);
			path = "Preview Content";
			sourceTree = "<group>";
		};
		4095212A292C650400FFB785 /* TomodachiTests */ = {
			isa = PBXGroup;
			children = (
				4095212B292C650500FFB785 /* TomodachiTests.swift */,
			);
			path = TomodachiTests;
			sourceTree = "<group>";
		};
		40952134292C650500FFB785 /* TomodachiUITests */ = {
			isa = PBXGroup;
			children = (
				40952135292C650500FFB785 /* TomodachiUITests.swift */,
				40952137292C650500FFB785 /* TomodachiUITestsLaunchTests.swift */,
			);
			path = TomodachiUITests;
			sourceTree = "<group>";
		};
		40952146292C664300FFB785 /* Model */ = {
			isa = PBXGroup;
			children = (
				40D447A9292DDABA00A5D256 /* Location.swift */,
				40D447A8292DDABA00A5D256 /* Person.swift */,
			);
			path = Model;
			sourceTree = "<group>";
		};
		ACC4BBB14FECFBDBC88546AC /* Frameworks */ = {
			isa = PBXGroup;
			children = (
				5A1741127DA15D408A37149A /* Pods_Tomodachi.framework */,
			);
			name = Frameworks;
			sourceTree = "<group>";
		};
/* End PBXGroup section */

/* Begin PBXNativeTarget section */
		40952111292C650300FFB785 /* Tomodachi */ = {
			isa = PBXNativeTarget;
			buildConfigurationList = 4095213B292C650500FFB785 /* Build configuration list for PBXNativeTarget "Tomodachi" */;
			buildPhases = (
				786912C2F6BCDFD3840689FB /* [CP] Check Pods Manifest.lock */,
				4095210E292C650300FFB785 /* Sources */,
				4095210F292C650300FFB785 /* Frameworks */,
				40952110292C650300FFB785 /* Resources */,
				EFFDB3BC773D0D043C33546A /* [CP] Embed Pods Frameworks */,
			);
			buildRules = (
			);
			dependencies = (
			);
			name = Tomodachi;
			productName = Tomodachi;
			productReference = 40952112292C650300FFB785 /* Tomodachi.app */;
			productType = "com.apple.product-type.application";
		};
		40952126292C650400FFB785 /* TomodachiTests */ = {
			isa = PBXNativeTarget;
			buildConfigurationList = 4095213E292C650500FFB785 /* Build configuration list for PBXNativeTarget "TomodachiTests" */;
			buildPhases = (
				40952123292C650400FFB785 /* Sources */,
				40952124292C650400FFB785 /* Frameworks */,
				40952125292C650400FFB785 /* Resources */,
			);
			buildRules = (
			);
			dependencies = (
				40952129292C650400FFB785 /* PBXTargetDependency */,
			);
			name = TomodachiTests;
			productName = TomodachiTests;
			productReference = 40952127292C650400FFB785 /* TomodachiTests.xctest */;
			productType = "com.apple.product-type.bundle.unit-test";
		};
		40952130292C650500FFB785 /* TomodachiUITests */ = {
			isa = PBXNativeTarget;
			buildConfigurationList = 40952141292C650500FFB785 /* Build configuration list for PBXNativeTarget "TomodachiUITests" */;
			buildPhases = (
				4095212D292C650500FFB785 /* Sources */,
				4095212E292C650500FFB785 /* Frameworks */,
				4095212F292C650500FFB785 /* Resources */,
			);
			buildRules = (
			);
			dependencies = (
				40952133292C650500FFB785 /* PBXTargetDependency */,
			);
			name = TomodachiUITests;
			productName = TomodachiUITests;
			productReference = 40952131292C650500FFB785 /* TomodachiUITests.xctest */;
			productType = "com.apple.product-type.bundle.ui-testing";
		};
/* End PBXNativeTarget section */

/* Begin PBXProject section */
		4095210A292C650200FFB785 /* Project object */ = {
			isa = PBXProject;
			attributes = {
				BuildIndependentTargetsInParallel = 1;
				LastSwiftUpdateCheck = 1400;
				LastUpgradeCheck = 1400;
				TargetAttributes = {
					40952111292C650300FFB785 = {
						CreatedOnToolsVersion = 14.0.1;
					};
					40952126292C650400FFB785 = {
						CreatedOnToolsVersion = 14.0.1;
						TestTargetID = 40952111292C650300FFB785;
					};
					40952130292C650500FFB785 = {
						CreatedOnToolsVersion = 14.0.1;
						TestTargetID = 40952111292C650300FFB785;
					};
				};
			};
			buildConfigurationList = 4095210D292C650300FFB785 /* Build configuration list for PBXProject "Tomodachi" */;
			compatibilityVersion = "Xcode 14.0";
			developmentRegion = en;
			hasScannedForEncodings = 0;
			knownRegions = (
				en,
				Base,
			);
			mainGroup = 40952109292C650200FFB785;
			productRefGroup = 40952113292C650300FFB785 /* Products */;
			projectDirPath = "";
			projectRoot = "";
			targets = (
				40952111292C650300FFB785 /* Tomodachi */,
				40952126292C650400FFB785 /* TomodachiTests */,
				40952130292C650500FFB785 /* TomodachiUITests */,
			);
		};
/* End PBXProject section */

/* Begin PBXResourcesBuildPhase section */
		40952110292C650300FFB785 /* Resources */ = {
			isa = PBXResourcesBuildPhase;
			buildActionMask = 2147483647;
			files = (
				4095211A292C650400FFB785 /* Assets.xcassets in Resources */,
			);
			runOnlyForDeploymentPostprocessing = 0;
		};
		40952125292C650400FFB785 /* Resources */ = {
			isa = PBXResourcesBuildPhase;
			buildActionMask = 2147483647;
			files = (
			);
			runOnlyForDeploymentPostprocessing = 0;
		};
		4095212F292C650500FFB785 /* Resources */ = {
			isa = PBXResourcesBuildPhase;
			buildActionMask = 2147483647;
			files = (
			);
			runOnlyForDeploymentPostprocessing = 0;
		};
/* End PBXResourcesBuildPhase section */

/* Begin PBXShellScriptBuildPhase section */
		786912C2F6BCDFD3840689FB /* [CP] Check Pods Manifest.lock */ = {
			isa = PBXShellScriptBuildPhase;
			buildActionMask = 2147483647;
			files = (
			);
			inputFileListPaths = (
			);
			inputPaths = (
				"${PODS_PODFILE_DIR_PATH}/Podfile.lock",
				"${PODS_ROOT}/Manifest.lock",
			);
			name = "[CP] Check Pods Manifest.lock";
			outputFileListPaths = (
			);
			outputPaths = (
				"$(DERIVED_FILE_DIR)/Pods-Tomodachi-checkManifestLockResult.txt",
			);
			runOnlyForDeploymentPostprocessing = 0;
			shellPath = /bin/sh;
			shellScript = "diff \"${PODS_PODFILE_DIR_PATH}/Podfile.lock\" \"${PODS_ROOT}/Manifest.lock\" > /dev/null\nif [ $? != 0 ] ; then\n    # print error to STDERR\n    echo \"error: The sandbox is not in sync with the Podfile.lock. Run 'pod install' or update your CocoaPods installation.\" >&2\n    exit 1\nfi\n# This output is used by Xcode 'outputs' to avoid re-running this script phase.\necho \"SUCCESS\" > \"${SCRIPT_OUTPUT_FILE_0}\"\n";
			showEnvVarsInLog = 0;
		};
		EFFDB3BC773D0D043C33546A /* [CP] Embed Pods Frameworks */ = {
			isa = PBXShellScriptBuildPhase;
			buildActionMask = 2147483647;
			files = (
			);
			inputFileListPaths = (
				"${PODS_ROOT}/Target Support Files/Pods-Tomodachi/Pods-Tomodachi-frameworks-${CONFIGURATION}-input-files.xcfilelist",
			);
			name = "[CP] Embed Pods Frameworks";
			outputFileListPaths = (
				"${PODS_ROOT}/Target Support Files/Pods-Tomodachi/Pods-Tomodachi-frameworks-${CONFIGURATION}-output-files.xcfilelist",
			);
			runOnlyForDeploymentPostprocessing = 0;
			shellPath = /bin/sh;
			shellScript = "\"${PODS_ROOT}/Target Support Files/Pods-Tomodachi/Pods-Tomodachi-frameworks.sh\"\n";
			showEnvVarsInLog = 0;
		};
/* End PBXShellScriptBuildPhase section */

/* Begin PBXSourcesBuildPhase section */
		4095210E292C650300FFB785 /* Sources */ = {
			isa = PBXSourcesBuildPhase;
			buildActionMask = 2147483647;
			files = (
				40175C53292C79FC008A8A3F /* PersonsListViewModel.swift in Sources */,
				4095211F292C650400FFB785 /* Persistence.swift in Sources */,
				40952118292C650300FFB785 /* ContentView.swift in Sources */,
				40175C4E292C79AA008A8A3F /* PersonsListView.swift in Sources */,
				40D447AA292DDABA00A5D256 /* Person.swift in Sources */,
				40952122292C650400FFB785 /* Tomodachi.xcdatamodeld in Sources */,
				40D447A5292DD85500A5D256 /* PersonDetailsViewModel.swift in Sources */,
				40175C5E292CA51F008A8A3F /* AddFriendView.swift in Sources */,
				40952116292C650300FFB785 /* TomodachiApp.swift in Sources */,
				40175C51292C79D8008A8A3F /* PersonDetailsView.swift in Sources */,
				40D447AB292DDABA00A5D256 /* Location.swift in Sources */,
				40175C5C292C968F008A8A3F /* Constant.swift in Sources */,
			);
			runOnlyForDeploymentPostprocessing = 0;
		};
		40952123292C650400FFB785 /* Sources */ = {
			isa = PBXSourcesBuildPhase;
			buildActionMask = 2147483647;
			files = (
				4095212C292C650500FFB785 /* TomodachiTests.swift in Sources */,
			);
			runOnlyForDeploymentPostprocessing = 0;
		};
		4095212D292C650500FFB785 /* Sources */ = {
			isa = PBXSourcesBuildPhase;
			buildActionMask = 2147483647;
			files = (
				40952136292C650500FFB785 /* TomodachiUITests.swift in Sources */,
				40952138292C650500FFB785 /* TomodachiUITestsLaunchTests.swift in Sources */,
			);
			runOnlyForDeploymentPostprocessing = 0;
		};
/* End PBXSourcesBuildPhase section */

/* Begin PBXTargetDependency section */
		40952129292C650400FFB785 /* PBXTargetDependency */ = {
			isa = PBXTargetDependency;
			target = 40952111292C650300FFB785 /* Tomodachi */;
			targetProxy = 40952128292C650400FFB785 /* PBXContainerItemProxy */;
		};
		40952133292C650500FFB785 /* PBXTargetDependency */ = {
			isa = PBXTargetDependency;
			target = 40952111292C650300FFB785 /* Tomodachi */;
			targetProxy = 40952132292C650500FFB785 /* PBXContainerItemProxy */;
		};
/* End PBXTargetDependency section */

/* Begin XCBuildConfiguration section */
		40952139292C650500FFB785 /* Debug */ = {
			isa = XCBuildConfiguration;
			buildSettings = {
				ALWAYS_SEARCH_USER_PATHS = NO;
				CLANG_ANALYZER_NONNULL = YES;
				CLANG_ANALYZER_NUMBER_OBJECT_CONVERSION = YES_AGGRESSIVE;
				CLANG_CXX_LANGUAGE_STANDARD = "gnu++20";
				CLANG_ENABLE_MODULES = YES;
				CLANG_ENABLE_OBJC_ARC = YES;
				CLANG_ENABLE_OBJC_WEAK = YES;
				CLANG_WARN_BLOCK_CAPTURE_AUTORELEASING = YES;
				CLANG_WARN_BOOL_CONVERSION = YES;
				CLANG_WARN_COMMA = YES;
				CLANG_WARN_CONSTANT_CONVERSION = YES;
				CLANG_WARN_DEPRECATED_OBJC_IMPLEMENTATIONS = YES;
				CLANG_WARN_DIRECT_OBJC_ISA_USAGE = YES_ERROR;
				CLANG_WARN_DOCUMENTATION_COMMENTS = YES;
				CLANG_WARN_EMPTY_BODY = YES;
				CLANG_WARN_ENUM_CONVERSION = YES;
				CLANG_WARN_INFINITE_RECURSION = YES;
				CLANG_WARN_INT_CONVERSION = YES;
				CLANG_WARN_NON_LITERAL_NULL_CONVERSION = YES;
				CLANG_WARN_OBJC_IMPLICIT_RETAIN_SELF = YES;
				CLANG_WARN_OBJC_LITERAL_CONVERSION = YES;
				CLANG_WARN_OBJC_ROOT_CLASS = YES_ERROR;
				CLANG_WARN_QUOTED_INCLUDE_IN_FRAMEWORK_HEADER = YES;
				CLANG_WARN_RANGE_LOOP_ANALYSIS = YES;
				CLANG_WARN_STRICT_PROTOTYPES = YES;
				CLANG_WARN_SUSPICIOUS_MOVE = YES;
				CLANG_WARN_UNGUARDED_AVAILABILITY = YES_AGGRESSIVE;
				CLANG_WARN_UNREACHABLE_CODE = YES;
				CLANG_WARN__DUPLICATE_METHOD_MATCH = YES;
				COPY_PHASE_STRIP = NO;
				DEBUG_INFORMATION_FORMAT = dwarf;
				ENABLE_STRICT_OBJC_MSGSEND = YES;
				ENABLE_TESTABILITY = YES;
				GCC_C_LANGUAGE_STANDARD = gnu11;
				GCC_DYNAMIC_NO_PIC = NO;
				GCC_NO_COMMON_BLOCKS = YES;
				GCC_OPTIMIZATION_LEVEL = 0;
				GCC_PREPROCESSOR_DEFINITIONS = (
					"DEBUG=1",
					"$(inherited)",
				);
				GCC_WARN_64_TO_32_BIT_CONVERSION = YES;
				GCC_WARN_ABOUT_RETURN_TYPE = YES_ERROR;
				GCC_WARN_UNDECLARED_SELECTOR = YES;
				GCC_WARN_UNINITIALIZED_AUTOS = YES_AGGRESSIVE;
				GCC_WARN_UNUSED_FUNCTION = YES;
				GCC_WARN_UNUSED_VARIABLE = YES;
				IPHONEOS_DEPLOYMENT_TARGET = 16.0;
				MTL_ENABLE_DEBUG_INFO = INCLUDE_SOURCE;
				MTL_FAST_MATH = YES;
				ONLY_ACTIVE_ARCH = YES;
				SDKROOT = iphoneos;
				SWIFT_ACTIVE_COMPILATION_CONDITIONS = DEBUG;
				SWIFT_OPTIMIZATION_LEVEL = "-Onone";
			};
			name = Debug;
		};
		4095213A292C650500FFB785 /* Release */ = {
			isa = XCBuildConfiguration;
			buildSettings = {
				ALWAYS_SEARCH_USER_PATHS = NO;
				CLANG_ANALYZER_NONNULL = YES;
				CLANG_ANALYZER_NUMBER_OBJECT_CONVERSION = YES_AGGRESSIVE;
				CLANG_CXX_LANGUAGE_STANDARD = "gnu++20";
				CLANG_ENABLE_MODULES = YES;
				CLANG_ENABLE_OBJC_ARC = YES;
				CLANG_ENABLE_OBJC_WEAK = YES;
				CLANG_WARN_BLOCK_CAPTURE_AUTORELEASING = YES;
				CLANG_WARN_BOOL_CONVERSION = YES;
				CLANG_WARN_COMMA = YES;
				CLANG_WARN_CONSTANT_CONVERSION = YES;
				CLANG_WARN_DEPRECATED_OBJC_IMPLEMENTATIONS = YES;
				CLANG_WARN_DIRECT_OBJC_ISA_USAGE = YES_ERROR;
				CLANG_WARN_DOCUMENTATION_COMMENTS = YES;
				CLANG_WARN_EMPTY_BODY = YES;
				CLANG_WARN_ENUM_CONVERSION = YES;
				CLANG_WARN_INFINITE_RECURSION = YES;
				CLANG_WARN_INT_CONVERSION = YES;
				CLANG_WARN_NON_LITERAL_NULL_CONVERSION = YES;
				CLANG_WARN_OBJC_IMPLICIT_RETAIN_SELF = YES;
				CLANG_WARN_OBJC_LITERAL_CONVERSION = YES;
				CLANG_WARN_OBJC_ROOT_CLASS = YES_ERROR;
				CLANG_WARN_QUOTED_INCLUDE_IN_FRAMEWORK_HEADER = YES;
				CLANG_WARN_RANGE_LOOP_ANALYSIS = YES;
				CLANG_WARN_STRICT_PROTOTYPES = YES;
				CLANG_WARN_SUSPICIOUS_MOVE = YES;
				CLANG_WARN_UNGUARDED_AVAILABILITY = YES_AGGRESSIVE;
				CLANG_WARN_UNREACHABLE_CODE = YES;
				CLANG_WARN__DUPLICATE_METHOD_MATCH = YES;
				COPY_PHASE_STRIP = NO;
				DEBUG_INFORMATION_FORMAT = "dwarf-with-dsym";
				ENABLE_NS_ASSERTIONS = NO;
				ENABLE_STRICT_OBJC_MSGSEND = YES;
				GCC_C_LANGUAGE_STANDARD = gnu11;
				GCC_NO_COMMON_BLOCKS = YES;
				GCC_WARN_64_TO_32_BIT_CONVERSION = YES;
				GCC_WARN_ABOUT_RETURN_TYPE = YES_ERROR;
				GCC_WARN_UNDECLARED_SELECTOR = YES;
				GCC_WARN_UNINITIALIZED_AUTOS = YES_AGGRESSIVE;
				GCC_WARN_UNUSED_FUNCTION = YES;
				GCC_WARN_UNUSED_VARIABLE = YES;
				IPHONEOS_DEPLOYMENT_TARGET = 16.0;
				MTL_ENABLE_DEBUG_INFO = NO;
				MTL_FAST_MATH = YES;
				SDKROOT = iphoneos;
				SWIFT_COMPILATION_MODE = wholemodule;
				SWIFT_OPTIMIZATION_LEVEL = "-O";
				VALIDATE_PRODUCT = YES;
			};
			name = Release;
		};
		4095213C292C650500FFB785 /* Debug */ = {
			isa = XCBuildConfiguration;
			baseConfigurationReference = 547BE3A8BC9EEEC0558E2C49 /* Pods-Tomodachi.debug.xcconfig */;
			buildSettings = {
				ASSETCATALOG_COMPILER_APPICON_NAME = AppIcon;
				ASSETCATALOG_COMPILER_GLOBAL_ACCENT_COLOR_NAME = AccentColor;
				CODE_SIGN_STYLE = Automatic;
				CURRENT_PROJECT_VERSION = 1;
				DEVELOPMENT_ASSET_PATHS = "\"Tomodachi/Preview Content\"";
				DEVELOPMENT_TEAM = AR84MSRR4K;
				ENABLE_PREVIEWS = YES;
				GENERATE_INFOPLIST_FILE = YES;
				INFOPLIST_KEY_UIApplicationSceneManifest_Generation = YES;
				INFOPLIST_KEY_UIApplicationSupportsIndirectInputEvents = YES;
				INFOPLIST_KEY_UILaunchScreen_Generation = YES;
				INFOPLIST_KEY_UISupportedInterfaceOrientations_iPad = "UIInterfaceOrientationPortrait UIInterfaceOrientationPortraitUpsideDown UIInterfaceOrientationLandscapeLeft UIInterfaceOrientationLandscapeRight";
				INFOPLIST_KEY_UISupportedInterfaceOrientations_iPhone = "UIInterfaceOrientationPortrait UIInterfaceOrientationLandscapeLeft UIInterfaceOrientationLandscapeRight";
				LD_RUNPATH_SEARCH_PATHS = (
					"$(inherited)",
					"@executable_path/Frameworks",
				);
				MARKETING_VERSION = 1.0;
				PRODUCT_BUNDLE_IDENTIFIER = developeracademy.yagrariksa.Tomodachi;
				PRODUCT_NAME = "$(TARGET_NAME)";
				SWIFT_EMIT_LOC_STRINGS = YES;
				SWIFT_VERSION = 5.0;
				TARGETED_DEVICE_FAMILY = "1,2";
			};
			name = Debug;
		};
		4095213D292C650500FFB785 /* Release */ = {
			isa = XCBuildConfiguration;
			baseConfigurationReference = 6A58397CA1A49A2AC09BF3A4 /* Pods-Tomodachi.release.xcconfig */;
			buildSettings = {
				ASSETCATALOG_COMPILER_APPICON_NAME = AppIcon;
				ASSETCATALOG_COMPILER_GLOBAL_ACCENT_COLOR_NAME = AccentColor;
				CODE_SIGN_STYLE = Automatic;
				CURRENT_PROJECT_VERSION = 1;
				DEVELOPMENT_ASSET_PATHS = "\"Tomodachi/Preview Content\"";
				DEVELOPMENT_TEAM = AR84MSRR4K;
				ENABLE_PREVIEWS = YES;
				GENERATE_INFOPLIST_FILE = YES;
				INFOPLIST_KEY_UIApplicationSceneManifest_Generation = YES;
				INFOPLIST_KEY_UIApplicationSupportsIndirectInputEvents = YES;
				INFOPLIST_KEY_UILaunchScreen_Generation = YES;
				INFOPLIST_KEY_UISupportedInterfaceOrientations_iPad = "UIInterfaceOrientationPortrait UIInterfaceOrientationPortraitUpsideDown UIInterfaceOrientationLandscapeLeft UIInterfaceOrientationLandscapeRight";
				INFOPLIST_KEY_UISupportedInterfaceOrientations_iPhone = "UIInterfaceOrientationPortrait UIInterfaceOrientationLandscapeLeft UIInterfaceOrientationLandscapeRight";
				LD_RUNPATH_SEARCH_PATHS = (
					"$(inherited)",
					"@executable_path/Frameworks",
				);
				MARKETING_VERSION = 1.0;
				PRODUCT_BUNDLE_IDENTIFIER = developeracademy.yagrariksa.Tomodachi;
				PRODUCT_NAME = "$(TARGET_NAME)";
				SWIFT_EMIT_LOC_STRINGS = YES;
				SWIFT_VERSION = 5.0;
				TARGETED_DEVICE_FAMILY = "1,2";
			};
			name = Release;
		};
		4095213F292C650500FFB785 /* Debug */ = {
			isa = XCBuildConfiguration;
			buildSettings = {
				ALWAYS_EMBED_SWIFT_STANDARD_LIBRARIES = YES;
				BUNDLE_LOADER = "$(TEST_HOST)";
				CODE_SIGN_STYLE = Automatic;
				CURRENT_PROJECT_VERSION = 1;
				DEVELOPMENT_TEAM = AR84MSRR4K;
				GENERATE_INFOPLIST_FILE = YES;
				IPHONEOS_DEPLOYMENT_TARGET = 16.0;
				MARKETING_VERSION = 1.0;
				PRODUCT_BUNDLE_IDENTIFIER = developeracademy.yagrariksa.TomodachiTests;
				PRODUCT_NAME = "$(TARGET_NAME)";
				SWIFT_EMIT_LOC_STRINGS = NO;
				SWIFT_VERSION = 5.0;
				TARGETED_DEVICE_FAMILY = "1,2";
				TEST_HOST = "$(BUILT_PRODUCTS_DIR)/Tomodachi.app/$(BUNDLE_EXECUTABLE_FOLDER_PATH)/Tomodachi";
			};
			name = Debug;
		};
		40952140292C650500FFB785 /* Release */ = {
			isa = XCBuildConfiguration;
			buildSettings = {
				ALWAYS_EMBED_SWIFT_STANDARD_LIBRARIES = YES;
				BUNDLE_LOADER = "$(TEST_HOST)";
				CODE_SIGN_STYLE = Automatic;
				CURRENT_PROJECT_VERSION = 1;
				DEVELOPMENT_TEAM = AR84MSRR4K;
				GENERATE_INFOPLIST_FILE = YES;
				IPHONEOS_DEPLOYMENT_TARGET = 16.0;
				MARKETING_VERSION = 1.0;
				PRODUCT_BUNDLE_IDENTIFIER = developeracademy.yagrariksa.TomodachiTests;
				PRODUCT_NAME = "$(TARGET_NAME)";
				SWIFT_EMIT_LOC_STRINGS = NO;
				SWIFT_VERSION = 5.0;
				TARGETED_DEVICE_FAMILY = "1,2";
				TEST_HOST = "$(BUILT_PRODUCTS_DIR)/Tomodachi.app/$(BUNDLE_EXECUTABLE_FOLDER_PATH)/Tomodachi";
			};
			name = Release;
		};
		40952142292C650500FFB785 /* Debug */ = {
			isa = XCBuildConfiguration;
			buildSettings = {
				ALWAYS_EMBED_SWIFT_STANDARD_LIBRARIES = YES;
				CODE_SIGN_STYLE = Automatic;
				CURRENT_PROJECT_VERSION = 1;
				DEVELOPMENT_TEAM = AR84MSRR4K;
				GENERATE_INFOPLIST_FILE = YES;
				MARKETING_VERSION = 1.0;
				PRODUCT_BUNDLE_IDENTIFIER = developeracademy.yagrariksa.TomodachiUITests;
				PRODUCT_NAME = "$(TARGET_NAME)";
				SWIFT_EMIT_LOC_STRINGS = NO;
				SWIFT_VERSION = 5.0;
				TARGETED_DEVICE_FAMILY = "1,2";
				TEST_TARGET_NAME = Tomodachi;
			};
			name = Debug;
		};
		40952143292C650500FFB785 /* Release */ = {
			isa = XCBuildConfiguration;
			buildSettings = {
				ALWAYS_EMBED_SWIFT_STANDARD_LIBRARIES = YES;
				CODE_SIGN_STYLE = Automatic;
				CURRENT_PROJECT_VERSION = 1;
				DEVELOPMENT_TEAM = AR84MSRR4K;
				GENERATE_INFOPLIST_FILE = YES;
				MARKETING_VERSION = 1.0;
				PRODUCT_BUNDLE_IDENTIFIER = developeracademy.yagrariksa.TomodachiUITests;
				PRODUCT_NAME = "$(TARGET_NAME)";
				SWIFT_EMIT_LOC_STRINGS = NO;
				SWIFT_VERSION = 5.0;
				TARGETED_DEVICE_FAMILY = "1,2";
				TEST_TARGET_NAME = Tomodachi;
			};
			name = Release;
		};
/* End XCBuildConfiguration section */

/* Begin XCConfigurationList section */
		4095210D292C650300FFB785 /* Build configuration list for PBXProject "Tomodachi" */ = {
			isa = XCConfigurationList;
			buildConfigurations = (
				40952139292C650500FFB785 /* Debug */,
				4095213A292C650500FFB785 /* Release */,
			);
			defaultConfigurationIsVisible = 0;
			defaultConfigurationName = Release;
		};
		4095213B292C650500FFB785 /* Build configuration list for PBXNativeTarget "Tomodachi" */ = {
			isa = XCConfigurationList;
			buildConfigurations = (
				4095213C292C650500FFB785 /* Debug */,
				4095213D292C650500FFB785 /* Release */,
			);
			defaultConfigurationIsVisible = 0;
			defaultConfigurationName = Release;
		};
		4095213E292C650500FFB785 /* Build configuration list for PBXNativeTarget "TomodachiTests" */ = {
			isa = XCConfigurationList;
			buildConfigurations = (
				4095213F292C650500FFB785 /* Debug */,
				40952140292C650500FFB785 /* Release */,
			);
			defaultConfigurationIsVisible = 0;
			defaultConfigurationName = Release;
		};
		40952141292C650500FFB785 /* Build configuration list for PBXNativeTarget "TomodachiUITests" */ = {
			isa = XCConfigurationList;
			buildConfigurations = (
				40952142292C650500FFB785 /* Debug */,
				40952143292C650500FFB785 /* Release */,
			);
			defaultConfigurationIsVisible = 0;
			defaultConfigurationName = Release;
		};
/* End XCConfigurationList section */

/* Begin XCVersionGroup section */
		40952120292C650400FFB785 /* Tomodachi.xcdatamodeld */ = {
			isa = XCVersionGroup;
			children = (
				40952121292C650400FFB785 /* Tomodachi.xcdatamodel */,
			);
			currentVersion = 40952121292C650400FFB785 /* Tomodachi.xcdatamodel */;
			path = Tomodachi.xcdatamodeld;
			sourceTree = "<group>";
			versionGroupType = wrapper.xcdatamodel;
		};
/* End XCVersionGroup section */
	};
	rootObject = 4095210A292C650200FFB785 /* Project object */;
}
